// !$*UTF8*$!
{
	archiveVersion = 1;
	classes = {
	};
	objectVersion = 55;
	objects = {

/* Begin PBXBuildFile section */
		2FE685578BF6E60DD47AA7CD /* Pods_Its_alamofire.framework in Frameworks */ = {isa = PBXBuildFile; fileRef = 1D7D4D27A537BBA181A0B2A5 /* Pods_Its_alamofire.framework */; };
		E695CEDD28B207CF00C2CB62 /* FriendsViewController.swift in Sources */ = {isa = PBXBuildFile; fileRef = E695CEDC28B207CF00C2CB62 /* FriendsViewController.swift */; };
		E695CEDF28B2083C00C2CB62 /* SettingsViewController.swift in Sources */ = {isa = PBXBuildFile; fileRef = E695CEDE28B2083C00C2CB62 /* SettingsViewController.swift */; };
		E6E4015028ACF67D003368F8 /* AppDelegate.swift in Sources */ = {isa = PBXBuildFile; fileRef = E6E4014F28ACF67D003368F8 /* AppDelegate.swift */; };
		E6E4015228ACF67D003368F8 /* SceneDelegate.swift in Sources */ = {isa = PBXBuildFile; fileRef = E6E4015128ACF67D003368F8 /* SceneDelegate.swift */; };
		E6E4015428ACF67D003368F8 /* ViewController.swift in Sources */ = {isa = PBXBuildFile; fileRef = E6E4015328ACF67D003368F8 /* ViewController.swift */; };
		E6E4015728ACF67D003368F8 /* Main.storyboard in Resources */ = {isa = PBXBuildFile; fileRef = E6E4015528ACF67D003368F8 /* Main.storyboard */; };
		E6E4015A28ACF67D003368F8 /* Its_alamofire.xcdatamodeld in Sources */ = {isa = PBXBuildFile; fileRef = E6E4015828ACF67D003368F8 /* Its_alamofire.xcdatamodeld */; };
		E6E4015C28ACF67D003368F8 /* Assets.xcassets in Resources */ = {isa = PBXBuildFile; fileRef = E6E4015B28ACF67D003368F8 /* Assets.xcassets */; };
		E6E4015F28ACF67D003368F8 /* LaunchScreen.storyboard in Resources */ = {isa = PBXBuildFile; fileRef = E6E4015D28ACF67D003368F8 /* LaunchScreen.storyboard */; };
		E6E4016728ACF68D003368F8 /* Network.swift in Sources */ = {isa = PBXBuildFile; fileRef = E6E4016628ACF68D003368F8 /* Network.swift */; };
		E6E4016928ACF8A2003368F8 /* PostsModel.swift in Sources */ = {isa = PBXBuildFile; fileRef = E6E4016828ACF8A2003368F8 /* PostsModel.swift */; };
		E6E4016B28AD0341003368F8 /* ViewModel.swift in Sources */ = {isa = PBXBuildFile; fileRef = E6E4016A28AD0341003368F8 /* ViewModel.swift */; };
		E6E4016D28AD0638003368F8 /* Observable.swift in Sources */ = {isa = PBXBuildFile; fileRef = E6E4016C28AD0638003368F8 /* Observable.swift */; };
		E6E4016F28AD0E58003368F8 /* PostsController.swift in Sources */ = {isa = PBXBuildFile; fileRef = E6E4016E28AD0E58003368F8 /* PostsController.swift */; };
		E6E4017128AD128B003368F8 /* TableViewCell.swift in Sources */ = {isa = PBXBuildFile; fileRef = E6E4017028AD128A003368F8 /* TableViewCell.swift */; };
		E6E4017328AD194B003368F8 /* TableViewCellViewModel.swift in Sources */ = {isa = PBXBuildFile; fileRef = E6E4017228AD194B003368F8 /* TableViewCellViewModel.swift */; };
		E6E4017528AD19BE003368F8 /* RowViewModel.swift in Sources */ = {isa = PBXBuildFile; fileRef = E6E4017428AD19BE003368F8 /* RowViewModel.swift */; };
		E6E4017728AD1EF1003368F8 /* CellConfigurable.swift in Sources */ = {isa = PBXBuildFile; fileRef = E6E4017628AD1EF1003368F8 /* CellConfigurable.swift */; };
		E6E4017B28AE06C0003368F8 /* Login Model.swift in Sources */ = {isa = PBXBuildFile; fileRef = E6E4017A28AE06C0003368F8 /* Login Model.swift */; };
		E6E4017D28AE093B003368F8 /* LoginViewModel.swift in Sources */ = {isa = PBXBuildFile; fileRef = E6E4017C28AE093B003368F8 /* LoginViewModel.swift */; };
		E6E4017F28AE0BB0003368F8 /* LoginViewController.swift in Sources */ = {isa = PBXBuildFile; fileRef = E6E4017E28AE0BB0003368F8 /* LoginViewController.swift */; };
		E6E4018128AE151E003368F8 /* TabBarController.swift in Sources */ = {isa = PBXBuildFile; fileRef = E6E4018028AE151E003368F8 /* TabBarController.swift */; };
		E6E4018828AE386E003368F8 /* UpdateLikesViewModel.swift in Sources */ = {isa = PBXBuildFile; fileRef = E6E4018728AE386E003368F8 /* UpdateLikesViewModel.swift */; };
		E6E4018A28AE43AA003368F8 /* UpdateLikesModel.swift in Sources */ = {isa = PBXBuildFile; fileRef = E6E4018928AE43AA003368F8 /* UpdateLikesModel.swift */; };
/* End PBXBuildFile section */

/* Begin PBXFileReference section */
		1D7D4D27A537BBA181A0B2A5 /* Pods_Its_alamofire.framework */ = {isa = PBXFileReference; explicitFileType = wrapper.framework; includeInIndex = 0; path = Pods_Its_alamofire.framework; sourceTree = BUILT_PRODUCTS_DIR; };
		E695CEDC28B207CF00C2CB62 /* FriendsViewController.swift */ = {isa = PBXFileReference; lastKnownFileType = sourcecode.swift; path = FriendsViewController.swift; sourceTree = "<group>"; };
		E695CEDE28B2083C00C2CB62 /* SettingsViewController.swift */ = {isa = PBXFileReference; lastKnownFileType = sourcecode.swift; path = SettingsViewController.swift; sourceTree = "<group>"; };
		E6E4014C28ACF67D003368F8 /* Its_alamofire.app */ = {isa = PBXFileReference; explicitFileType = wrapper.application; includeInIndex = 0; path = Its_alamofire.app; sourceTree = BUILT_PRODUCTS_DIR; };
		E6E4014F28ACF67D003368F8 /* AppDelegate.swift */ = {isa = PBXFileReference; lastKnownFileType = sourcecode.swift; path = AppDelegate.swift; sourceTree = "<group>"; };
		E6E4015128ACF67D003368F8 /* SceneDelegate.swift */ = {isa = PBXFileReference; lastKnownFileType = sourcecode.swift; path = SceneDelegate.swift; sourceTree = "<group>"; };
		E6E4015328ACF67D003368F8 /* ViewController.swift */ = {isa = PBXFileReference; lastKnownFileType = sourcecode.swift; path = ViewController.swift; sourceTree = "<group>"; };
		E6E4015628ACF67D003368F8 /* Base */ = {isa = PBXFileReference; lastKnownFileType = file.storyboard; name = Base; path = Base.lproj/Main.storyboard; sourceTree = "<group>"; };
		E6E4015928ACF67D003368F8 /* Its_alamofire.xcdatamodel */ = {isa = PBXFileReference; lastKnownFileType = wrapper.xcdatamodel; path = Its_alamofire.xcdatamodel; sourceTree = "<group>"; };
		E6E4015B28ACF67D003368F8 /* Assets.xcassets */ = {isa = PBXFileReference; lastKnownFileType = folder.assetcatalog; path = Assets.xcassets; sourceTree = "<group>"; };
		E6E4015E28ACF67D003368F8 /* Base */ = {isa = PBXFileReference; lastKnownFileType = file.storyboard; name = Base; path = Base.lproj/LaunchScreen.storyboard; sourceTree = "<group>"; };
		E6E4016028ACF67D003368F8 /* Info.plist */ = {isa = PBXFileReference; lastKnownFileType = text.plist.xml; path = Info.plist; sourceTree = "<group>"; };
		E6E4016628ACF68D003368F8 /* Network.swift */ = {isa = PBXFileReference; lastKnownFileType = sourcecode.swift; path = Network.swift; sourceTree = "<group>"; };
		E6E4016828ACF8A2003368F8 /* PostsModel.swift */ = {isa = PBXFileReference; lastKnownFileType = sourcecode.swift; path = PostsModel.swift; sourceTree = "<group>"; };
		E6E4016A28AD0341003368F8 /* ViewModel.swift */ = {isa = PBXFileReference; lastKnownFileType = sourcecode.swift; path = ViewModel.swift; sourceTree = "<group>"; };
		E6E4016C28AD0638003368F8 /* Observable.swift */ = {isa = PBXFileReference; lastKnownFileType = sourcecode.swift; path = Observable.swift; sourceTree = "<group>"; };
		E6E4016E28AD0E58003368F8 /* PostsController.swift */ = {isa = PBXFileReference; lastKnownFileType = sourcecode.swift; path = PostsController.swift; sourceTree = "<group>"; };
		E6E4017028AD128A003368F8 /* TableViewCell.swift */ = {isa = PBXFileReference; lastKnownFileType = sourcecode.swift; path = TableViewCell.swift; sourceTree = "<group>"; };
		E6E4017228AD194B003368F8 /* TableViewCellViewModel.swift */ = {isa = PBXFileReference; lastKnownFileType = sourcecode.swift; path = TableViewCellViewModel.swift; sourceTree = "<group>"; };
		E6E4017428AD19BE003368F8 /* RowViewModel.swift */ = {isa = PBXFileReference; lastKnownFileType = sourcecode.swift; path = RowViewModel.swift; sourceTree = "<group>"; };
		E6E4017628AD1EF1003368F8 /* CellConfigurable.swift */ = {isa = PBXFileReference; lastKnownFileType = sourcecode.swift; path = CellConfigurable.swift; sourceTree = "<group>"; };
		E6E4017A28AE06C0003368F8 /* Login Model.swift */ = {isa = PBXFileReference; lastKnownFileType = sourcecode.swift; path = "Login Model.swift"; sourceTree = "<group>"; };
		E6E4017C28AE093B003368F8 /* LoginViewModel.swift */ = {isa = PBXFileReference; lastKnownFileType = sourcecode.swift; path = LoginViewModel.swift; sourceTree = "<group>"; };
		E6E4017E28AE0BB0003368F8 /* LoginViewController.swift */ = {isa = PBXFileReference; lastKnownFileType = sourcecode.swift; path = LoginViewController.swift; sourceTree = "<group>"; };
		E6E4018028AE151E003368F8 /* TabBarController.swift */ = {isa = PBXFileReference; lastKnownFileType = sourcecode.swift; path = TabBarController.swift; sourceTree = "<group>"; };
		E6E4018728AE386E003368F8 /* UpdateLikesViewModel.swift */ = {isa = PBXFileReference; lastKnownFileType = sourcecode.swift; path = UpdateLikesViewModel.swift; sourceTree = "<group>"; };
		E6E4018928AE43AA003368F8 /* UpdateLikesModel.swift */ = {isa = PBXFileReference; lastKnownFileType = sourcecode.swift; path = UpdateLikesModel.swift; sourceTree = "<group>"; };
		F890D24DB9CD5FA4823AB9A6 /* Pods-Its_alamofire.release.xcconfig */ = {isa = PBXFileReference; includeInIndex = 1; lastKnownFileType = text.xcconfig; name = "Pods-Its_alamofire.release.xcconfig"; path = "Target Support Files/Pods-Its_alamofire/Pods-Its_alamofire.release.xcconfig"; sourceTree = "<group>"; };
		F8C395C8B6EC02E54A99D603 /* Pods-Its_alamofire.debug.xcconfig */ = {isa = PBXFileReference; includeInIndex = 1; lastKnownFileType = text.xcconfig; name = "Pods-Its_alamofire.debug.xcconfig"; path = "Target Support Files/Pods-Its_alamofire/Pods-Its_alamofire.debug.xcconfig"; sourceTree = "<group>"; };
/* End PBXFileReference section */

/* Begin PBXFrameworksBuildPhase section */
		E6E4014928ACF67D003368F8 /* Frameworks */ = {
			isa = PBXFrameworksBuildPhase;
			buildActionMask = 2147483647;
			files = (
				2FE685578BF6E60DD47AA7CD /* Pods_Its_alamofire.framework in Frameworks */,
			);
			runOnlyForDeploymentPostprocessing = 0;
		};
/* End PBXFrameworksBuildPhase section */

/* Begin PBXGroup section */
		41BA80589AFC718E4F7A8901 /* Pods */ = {
			isa = PBXGroup;
			children = (
				F8C395C8B6EC02E54A99D603 /* Pods-Its_alamofire.debug.xcconfig */,
				F890D24DB9CD5FA4823AB9A6 /* Pods-Its_alamofire.release.xcconfig */,
			);
			path = Pods;
			sourceTree = "<group>";
		};
		D58AD01341A84641CD6F9E03 /* Frameworks */ = {
			isa = PBXGroup;
			children = (
				1D7D4D27A537BBA181A0B2A5 /* Pods_Its_alamofire.framework */,
			);
			name = Frameworks;
			sourceTree = "<group>";
		};
		E695CEE028B2207F00C2CB62 /* UpdateLikes */ = {
			isa = PBXGroup;
			children = (
				E6E4018728AE386E003368F8 /* UpdateLikesViewModel.swift */,
			);
			path = UpdateLikes;
			sourceTree = "<group>";
		};
		E695CEE128B220AA00C2CB62 /* LoginPage */ = {
			isa = PBXGroup;
			children = (
				E6E4017C28AE093B003368F8 /* LoginViewModel.swift */,
				E6E4017E28AE0BB0003368F8 /* LoginViewController.swift */,
			);
			path = LoginPage;
			sourceTree = "<group>";
		};
		E695CEE228B220F900C2CB62 /* Modules */ = {
			isa = PBXGroup;
			children = (
				E6E4018528AE154A003368F8 /* Controllers */,
			);
			path = Modules;
			sourceTree = "<group>";
		};
		E695CEE328B2215500C2CB62 /* HomePage */ = {
			isa = PBXGroup;
			children = (
				E6E4016E28AD0E58003368F8 /* PostsController.swift */,
				E6E4016A28AD0341003368F8 /* ViewModel.swift */,
				E6E4015328ACF67D003368F8 /* ViewController.swift */,
			);
			path = HomePage;
			sourceTree = "<group>";
		};
		E695CEE428B2219200C2CB62 /* Network */ = {
			isa = PBXGroup;
			children = (
				E6E4016628ACF68D003368F8 /* Network.swift */,
			);
			path = Network;
			sourceTree = "<group>";
		};
		E6E4014328ACF67C003368F8 = {
			isa = PBXGroup;
			children = (
				E6E4014E28ACF67D003368F8 /* Its_alamofire */,
				E6E4014D28ACF67D003368F8 /* Products */,
				41BA80589AFC718E4F7A8901 /* Pods */,
				D58AD01341A84641CD6F9E03 /* Frameworks */,
			);
			sourceTree = "<group>";
		};
		E6E4014D28ACF67D003368F8 /* Products */ = {
			isa = PBXGroup;
			children = (
				E6E4014C28ACF67D003368F8 /* Its_alamofire.app */,
			);
			name = Products;
			sourceTree = "<group>";
		};
		E6E4014E28ACF67D003368F8 /* Its_alamofire */ = {
			isa = PBXGroup;
			children = (
				E6E4014F28ACF67D003368F8 /* AppDelegate.swift */,
				E6E4015128ACF67D003368F8 /* SceneDelegate.swift */,
				E695CEE228B220F900C2CB62 /* Modules */,
				E6E4018228AE152A003368F8 /* Model */,
				E695CEE428B2219200C2CB62 /* Network */,
				E6E4017628AD1EF1003368F8 /* CellConfigurable.swift */,
				E6E4016C28AD0638003368F8 /* Observable.swift */,
				E6E4015528ACF67D003368F8 /* Main.storyboard */,
				E6E4015B28ACF67D003368F8 /* Assets.xcassets */,
				E6E4015D28ACF67D003368F8 /* LaunchScreen.storyboard */,
				E6E4016028ACF67D003368F8 /* Info.plist */,
				E6E4015828ACF67D003368F8 /* Its_alamofire.xcdatamodeld */,
			);
			path = Its_alamofire;
			sourceTree = "<group>";
		};
		E6E4018228AE152A003368F8 /* Model */ = {
			isa = PBXGroup;
			children = (
				E6E4016828ACF8A2003368F8 /* PostsModel.swift */,
				E6E4018928AE43AA003368F8 /* UpdateLikesModel.swift */,
				E6E4017A28AE06C0003368F8 /* Login Model.swift */,
				E6E4017428AD19BE003368F8 /* RowViewModel.swift */,
			);
			path = Model;
			sourceTree = "<group>";
		};
		E6E4018528AE154A003368F8 /* Controllers */ = {
			isa = PBXGroup;
			children = (
				E695CEE128B220AA00C2CB62 /* LoginPage */,
				E695CEE328B2215500C2CB62 /* HomePage */,
				E6E4018628AE15A7003368F8 /* Cells */,
				E6E4018028AE151E003368F8 /* TabBarController.swift */,
				E695CEDC28B207CF00C2CB62 /* FriendsViewController.swift */,
				E695CEDE28B2083C00C2CB62 /* SettingsViewController.swift */,
			);
			path = Controllers;
			sourceTree = "<group>";
		};
		E6E4018628AE15A7003368F8 /* Cells */ = {
			isa = PBXGroup;
			children = (
				E6E4017028AD128A003368F8 /* TableViewCell.swift */,
				E6E4017228AD194B003368F8 /* TableViewCellViewModel.swift */,
				E695CEE028B2207F00C2CB62 /* UpdateLikes */,
			);
			path = Cells;
			sourceTree = "<group>";
		};
/* End PBXGroup section */

/* Begin PBXNativeTarget section */
		E6E4014B28ACF67D003368F8 /* Its_alamofire */ = {
			isa = PBXNativeTarget;
			buildConfigurationList = E6E4016328ACF67D003368F8 /* Build configuration list for PBXNativeTarget "Its_alamofire" */;
			buildPhases = (
				B8BA370A60C437C10A6C6544 /* [CP] Check Pods Manifest.lock */,
				E6E4014828ACF67D003368F8 /* Sources */,
				E6E4014928ACF67D003368F8 /* Frameworks */,
				E6E4014A28ACF67D003368F8 /* Resources */,
				B1E2FABA007DBCD593550118 /* [CP] Embed Pods Frameworks */,
			);
			buildRules = (
			);
			dependencies = (
			);
			name = Its_alamofire;
			productName = Its_alamofire;
			productReference = E6E4014C28ACF67D003368F8 /* Its_alamofire.app */;
			productType = "com.apple.product-type.application";
		};
/* End PBXNativeTarget section */

/* Begin PBXProject section */
		E6E4014428ACF67C003368F8 /* Project object */ = {
			isa = PBXProject;
			attributes = {
				BuildIndependentTargetsInParallel = 1;
				LastSwiftUpdateCheck = 1340;
				LastUpgradeCheck = 1340;
				TargetAttributes = {
					E6E4014B28ACF67D003368F8 = {
						CreatedOnToolsVersion = 13.4.1;
					};
				};
			};
			buildConfigurationList = E6E4014728ACF67C003368F8 /* Build configuration list for PBXProject "Its_alamofire" */;
			compatibilityVersion = "Xcode 13.0";
			developmentRegion = en;
			hasScannedForEncodings = 0;
			knownRegions = (
				en,
				Base,
			);
			mainGroup = E6E4014328ACF67C003368F8;
			productRefGroup = E6E4014D28ACF67D003368F8 /* Products */;
			projectDirPath = "";
			projectRoot = "";
			targets = (
				E6E4014B28ACF67D003368F8 /* Its_alamofire */,
			);
		};
/* End PBXProject section */

/* Begin PBXResourcesBuildPhase section */
		E6E4014A28ACF67D003368F8 /* Resources */ = {
			isa = PBXResourcesBuildPhase;
			buildActionMask = 2147483647;
			files = (
				E6E4015F28ACF67D003368F8 /* LaunchScreen.storyboard in Resources */,
				E6E4015C28ACF67D003368F8 /* Assets.xcassets in Resources */,
				E6E4015728ACF67D003368F8 /* Main.storyboard in Resources */,
			);
			runOnlyForDeploymentPostprocessing = 0;
		};
/* End PBXResourcesBuildPhase section */

/* Begin PBXShellScriptBuildPhase section */
		B1E2FABA007DBCD593550118 /* [CP] Embed Pods Frameworks */ = {
			isa = PBXShellScriptBuildPhase;
			buildActionMask = 2147483647;
			files = (
			);
			inputFileListPaths = (
				"${PODS_ROOT}/Target Support Files/Pods-Its_alamofire/Pods-Its_alamofire-frameworks-${CONFIGURATION}-input-files.xcfilelist",
			);
			name = "[CP] Embed Pods Frameworks";
			outputFileListPaths = (
				"${PODS_ROOT}/Target Support Files/Pods-Its_alamofire/Pods-Its_alamofire-frameworks-${CONFIGURATION}-output-files.xcfilelist",
			);
			runOnlyForDeploymentPostprocessing = 0;
			shellPath = /bin/sh;
			shellScript = "\"${PODS_ROOT}/Target Support Files/Pods-Its_alamofire/Pods-Its_alamofire-frameworks.sh\"\n";
			showEnvVarsInLog = 0;
		};
		B8BA370A60C437C10A6C6544 /* [CP] Check Pods Manifest.lock */ = {
			isa = PBXShellScriptBuildPhase;
			buildActionMask = 2147483647;
			files = (
			);
			inputFileListPaths = (
			);
			inputPaths = (
				"${PODS_PODFILE_DIR_PATH}/Podfile.lock",
				"${PODS_ROOT}/Manifest.lock",
			);
			name = "[CP] Check Pods Manifest.lock";
			outputFileListPaths = (
			);
			outputPaths = (
				"$(DERIVED_FILE_DIR)/Pods-Its_alamofire-checkManifestLockResult.txt",
			);
			runOnlyForDeploymentPostprocessing = 0;
			shellPath = /bin/sh;
			shellScript = "diff \"${PODS_PODFILE_DIR_PATH}/Podfile.lock\" \"${PODS_ROOT}/Manifest.lock\" > /dev/null\nif [ $? != 0 ] ; then\n    # print error to STDERR\n    echo \"error: The sandbox is not in sync with the Podfile.lock. Run 'pod install' or update your CocoaPods installation.\" >&2\n    exit 1\nfi\n# This output is used by Xcode 'outputs' to avoid re-running this script phase.\necho \"SUCCESS\" > \"${SCRIPT_OUTPUT_FILE_0}\"\n";
			showEnvVarsInLog = 0;
		};
/* End PBXShellScriptBuildPhase section */

/* Begin PBXSourcesBuildPhase section */
		E6E4014828ACF67D003368F8 /* Sources */ = {
			isa = PBXSourcesBuildPhase;
			buildActionMask = 2147483647;
			files = (
				E6E4018828AE386E003368F8 /* UpdateLikesViewModel.swift in Sources */,
				E6E4016D28AD0638003368F8 /* Observable.swift in Sources */,
				E695CEDF28B2083C00C2CB62 /* SettingsViewController.swift in Sources */,
				E6E4016728ACF68D003368F8 /* Network.swift in Sources */,
				E6E4015428ACF67D003368F8 /* ViewController.swift in Sources */,
				E6E4015A28ACF67D003368F8 /* Its_alamofire.xcdatamodeld in Sources */,
				E6E4017B28AE06C0003368F8 /* Login Model.swift in Sources */,
				E6E4016F28AD0E58003368F8 /* PostsController.swift in Sources */,
				E6E4018128AE151E003368F8 /* TabBarController.swift in Sources */,
				E6E4017528AD19BE003368F8 /* RowViewModel.swift in Sources */,
				E6E4017728AD1EF1003368F8 /* CellConfigurable.swift in Sources */,
				E6E4017D28AE093B003368F8 /* LoginViewModel.swift in Sources */,
				E6E4017128AD128B003368F8 /* TableViewCell.swift in Sources */,
				E6E4016928ACF8A2003368F8 /* PostsModel.swift in Sources */,
				E6E4017328AD194B003368F8 /* TableViewCellViewModel.swift in Sources */,
				E6E4017F28AE0BB0003368F8 /* LoginViewController.swift in Sources */,
				E6E4015028ACF67D003368F8 /* AppDelegate.swift in Sources */,
				E695CEDD28B207CF00C2CB62 /* FriendsViewController.swift in Sources */,
				E6E4015228ACF67D003368F8 /* SceneDelegate.swift in Sources */,
				E6E4016B28AD0341003368F8 /* ViewModel.swift in Sources */,
				E6E4018A28AE43AA003368F8 /* UpdateLikesModel.swift in Sources */,
			);
			runOnlyForDeploymentPostprocessing = 0;
		};
/* End PBXSourcesBuildPhase section */

/* Begin PBXVariantGroup section */
		E6E4015528ACF67D003368F8 /* Main.storyboard */ = {
			isa = PBXVariantGroup;
			children = (
				E6E4015628ACF67D003368F8 /* Base */,
			);
			name = Main.storyboard;
			sourceTree = "<group>";
		};
		E6E4015D28ACF67D003368F8 /* LaunchScreen.storyboard */ = {
			isa = PBXVariantGroup;
			children = (
				E6E4015E28ACF67D003368F8 /* Base */,
			);
			name = LaunchScreen.storyboard;
			sourceTree = "<group>";
		};
/* End PBXVariantGroup section */

/* Begin XCBuildConfiguration section */
		E6E4016128ACF67D003368F8 /* Debug */ = {
			isa = XCBuildConfiguration;
			buildSettings = {
				ALWAYS_SEARCH_USER_PATHS = NO;
				CLANG_ANALYZER_NONNULL = YES;
				CLANG_ANALYZER_NUMBER_OBJECT_CONVERSION = YES_AGGRESSIVE;
				CLANG_CXX_LANGUAGE_STANDARD = "gnu++17";
				CLANG_ENABLE_MODULES = YES;
				CLANG_ENABLE_OBJC_ARC = YES;
				CLANG_ENABLE_OBJC_WEAK = YES;
				CLANG_WARN_BLOCK_CAPTURE_AUTORELEASING = YES;
				CLANG_WARN_BOOL_CONVERSION = YES;
				CLANG_WARN_COMMA = YES;
				CLANG_WARN_CONSTANT_CONVERSION = YES;
				CLANG_WARN_DEPRECATED_OBJC_IMPLEMENTATIONS = YES;
				CLANG_WARN_DIRECT_OBJC_ISA_USAGE = YES_ERROR;
				CLANG_WARN_DOCUMENTATION_COMMENTS = YES;
				CLANG_WARN_EMPTY_BODY = YES;
				CLANG_WARN_ENUM_CONVERSION = YES;
				CLANG_WARN_INFINITE_RECURSION = YES;
				CLANG_WARN_INT_CONVERSION = YES;
				CLANG_WARN_NON_LITERAL_NULL_CONVERSION = YES;
				CLANG_WARN_OBJC_IMPLICIT_RETAIN_SELF = YES;
				CLANG_WARN_OBJC_LITERAL_CONVERSION = YES;
				CLANG_WARN_OBJC_ROOT_CLASS = YES_ERROR;
				CLANG_WARN_QUOTED_INCLUDE_IN_FRAMEWORK_HEADER = YES;
				CLANG_WARN_RANGE_LOOP_ANALYSIS = YES;
				CLANG_WARN_STRICT_PROTOTYPES = YES;
				CLANG_WARN_SUSPICIOUS_MOVE = YES;
				CLANG_WARN_UNGUARDED_AVAILABILITY = YES_AGGRESSIVE;
				CLANG_WARN_UNREACHABLE_CODE = YES;
				CLANG_WARN__DUPLICATE_METHOD_MATCH = YES;
				COPY_PHASE_STRIP = NO;
				DEBUG_INFORMATION_FORMAT = dwarf;
				ENABLE_STRICT_OBJC_MSGSEND = YES;
				ENABLE_TESTABILITY = YES;
				GCC_C_LANGUAGE_STANDARD = gnu11;
				GCC_DYNAMIC_NO_PIC = NO;
				GCC_NO_COMMON_BLOCKS = YES;
				GCC_OPTIMIZATION_LEVEL = 0;
				GCC_PREPROCESSOR_DEFINITIONS = (
					"DEBUG=1",
					"$(inherited)",
				);
				GCC_WARN_64_TO_32_BIT_CONVERSION = YES;
				GCC_WARN_ABOUT_RETURN_TYPE = YES_ERROR;
				GCC_WARN_UNDECLARED_SELECTOR = YES;
				GCC_WARN_UNINITIALIZED_AUTOS = YES_AGGRESSIVE;
				GCC_WARN_UNUSED_FUNCTION = YES;
				GCC_WARN_UNUSED_VARIABLE = YES;
				IPHONEOS_DEPLOYMENT_TARGET = 15.5;
				MTL_ENABLE_DEBUG_INFO = INCLUDE_SOURCE;
				MTL_FAST_MATH = YES;
				ONLY_ACTIVE_ARCH = YES;
				SDKROOT = iphoneos;
				SWIFT_ACTIVE_COMPILATION_CONDITIONS = DEBUG;
				SWIFT_OPTIMIZATION_LEVEL = "-Onone";
			};
			name = Debug;
		};
		E6E4016228ACF67D003368F8 /* Release */ = {
			isa = XCBuildConfiguration;
			buildSettings = {
				ALWAYS_SEARCH_USER_PATHS = NO;
				CLANG_ANALYZER_NONNULL = YES;
				CLANG_ANALYZER_NUMBER_OBJECT_CONVERSION = YES_AGGRESSIVE;
				CLANG_CXX_LANGUAGE_STANDARD = "gnu++17";
				CLANG_ENABLE_MODULES = YES;
				CLANG_ENABLE_OBJC_ARC = YES;
				CLANG_ENABLE_OBJC_WEAK = YES;
				CLANG_WARN_BLOCK_CAPTURE_AUTORELEASING = YES;
				CLANG_WARN_BOOL_CONVERSION = YES;
				CLANG_WARN_COMMA = YES;
				CLANG_WARN_CONSTANT_CONVERSION = YES;
				CLANG_WARN_DEPRECATED_OBJC_IMPLEMENTATIONS = YES;
				CLANG_WARN_DIRECT_OBJC_ISA_USAGE = YES_ERROR;
				CLANG_WARN_DOCUMENTATION_COMMENTS = YES;
				CLANG_WARN_EMPTY_BODY = YES;
				CLANG_WARN_ENUM_CONVERSION = YES;
				CLANG_WARN_INFINITE_RECURSION = YES;
				CLANG_WARN_INT_CONVERSION = YES;
				CLANG_WARN_NON_LITERAL_NULL_CONVERSION = YES;
				CLANG_WARN_OBJC_IMPLICIT_RETAIN_SELF = YES;
				CLANG_WARN_OBJC_LITERAL_CONVERSION = YES;
				CLANG_WARN_OBJC_ROOT_CLASS = YES_ERROR;
				CLANG_WARN_QUOTED_INCLUDE_IN_FRAMEWORK_HEADER = YES;
				CLANG_WARN_RANGE_LOOP_ANALYSIS = YES;
				CLANG_WARN_STRICT_PROTOTYPES = YES;
				CLANG_WARN_SUSPICIOUS_MOVE = YES;
				CLANG_WARN_UNGUARDED_AVAILABILITY = YES_AGGRESSIVE;
				CLANG_WARN_UNREACHABLE_CODE = YES;
				CLANG_WARN__DUPLICATE_METHOD_MATCH = YES;
				COPY_PHASE_STRIP = NO;
				DEBUG_INFORMATION_FORMAT = "dwarf-with-dsym";
				ENABLE_NS_ASSERTIONS = NO;
				ENABLE_STRICT_OBJC_MSGSEND = YES;
				GCC_C_LANGUAGE_STANDARD = gnu11;
				GCC_NO_COMMON_BLOCKS = YES;
				GCC_WARN_64_TO_32_BIT_CONVERSION = YES;
				GCC_WARN_ABOUT_RETURN_TYPE = YES_ERROR;
				GCC_WARN_UNDECLARED_SELECTOR = YES;
				GCC_WARN_UNINITIALIZED_AUTOS = YES_AGGRESSIVE;
				GCC_WARN_UNUSED_FUNCTION = YES;
				GCC_WARN_UNUSED_VARIABLE = YES;
				IPHONEOS_DEPLOYMENT_TARGET = 15.5;
				MTL_ENABLE_DEBUG_INFO = NO;
				MTL_FAST_MATH = YES;
				SDKROOT = iphoneos;
				SWIFT_COMPILATION_MODE = wholemodule;
				SWIFT_OPTIMIZATION_LEVEL = "-O";
				VALIDATE_PRODUCT = YES;
			};
			name = Release;
		};
		E6E4016428ACF67D003368F8 /* Debug */ = {
			isa = XCBuildConfiguration;
			baseConfigurationReference = F8C395C8B6EC02E54A99D603 /* Pods-Its_alamofire.debug.xcconfig */;
			buildSettings = {
				ASSETCATALOG_COMPILER_APPICON_NAME = AppIcon;
				ASSETCATALOG_COMPILER_GLOBAL_ACCENT_COLOR_NAME = AccentColor;
				CODE_SIGN_STYLE = Automatic;
				CURRENT_PROJECT_VERSION = 1;
				DEVELOPMENT_TEAM = X3F2L2FU2D;
				GENERATE_INFOPLIST_FILE = YES;
				INFOPLIST_FILE = Its_alamofire/Info.plist;
				INFOPLIST_KEY_UIApplicationSupportsIndirectInputEvents = YES;
				INFOPLIST_KEY_UILaunchStoryboardName = LaunchScreen;
				INFOPLIST_KEY_UIMainStoryboardFile = Main;
				INFOPLIST_KEY_UISupportedInterfaceOrientations_iPad = "UIInterfaceOrientationPortrait UIInterfaceOrientationPortraitUpsideDown UIInterfaceOrientationLandscapeLeft UIInterfaceOrientationLandscapeRight";
				INFOPLIST_KEY_UISupportedInterfaceOrientations_iPhone = "UIInterfaceOrientationPortrait UIInterfaceOrientationLandscapeLeft UIInterfaceOrientationLandscapeRight";
				LD_RUNPATH_SEARCH_PATHS = (
					"$(inherited)",
					"@executable_path/Frameworks",
				);
				MARKETING_VERSION = 1.0;
				PRODUCT_BUNDLE_IDENTIFIER = "training.Its-alamofire";
				PRODUCT_NAME = "$(TARGET_NAME)";
				SWIFT_EMIT_LOC_STRINGS = YES;
				SWIFT_VERSION = 5.0;
				TARGETED_DEVICE_FAMILY = "1,2";
			};
			name = Debug;
		};
		E6E4016528ACF67D003368F8 /* Release */ = {
			isa = XCBuildConfiguration;
			baseConfigurationReference = F890D24DB9CD5FA4823AB9A6 /* Pods-Its_alamofire.release.xcconfig */;
			buildSettings = {
				ASSETCATALOG_COMPILER_APPICON_NAME = AppIcon;
				ASSETCATALOG_COMPILER_GLOBAL_ACCENT_COLOR_NAME = AccentColor;
				CODE_SIGN_STYLE = Automatic;
				CURRENT_PROJECT_VERSION = 1;
				DEVELOPMENT_TEAM = X3F2L2FU2D;
				GENERATE_INFOPLIST_FILE = YES;
				INFOPLIST_FILE = Its_alamofire/Info.plist;
				INFOPLIST_KEY_UIApplicationSupportsIndirectInputEvents = YES;
				INFOPLIST_KEY_UILaunchStoryboardName = LaunchScreen;
				INFOPLIST_KEY_UIMainStoryboardFile = Main;
				INFOPLIST_KEY_UISupportedInterfaceOrientations_iPad = "UIInterfaceOrientationPortrait UIInterfaceOrientationPortraitUpsideDown UIInterfaceOrientationLandscapeLeft UIInterfaceOrientationLandscapeRight";
				INFOPLIST_KEY_UISupportedInterfaceOrientations_iPhone = "UIInterfaceOrientationPortrait UIInterfaceOrientationLandscapeLeft UIInterfaceOrientationLandscapeRight";
				LD_RUNPATH_SEARCH_PATHS = (
					"$(inherited)",
					"@executable_path/Frameworks",
				);
				MARKETING_VERSION = 1.0;
				PRODUCT_BUNDLE_IDENTIFIER = "training.Its-alamofire";
				PRODUCT_NAME = "$(TARGET_NAME)";
				SWIFT_EMIT_LOC_STRINGS = YES;
				SWIFT_VERSION = 5.0;
				TARGETED_DEVICE_FAMILY = "1,2";
			};
			name = Release;
		};
/* End XCBuildConfiguration section */

/* Begin XCConfigurationList section */
		E6E4014728ACF67C003368F8 /* Build configuration list for PBXProject "Its_alamofire" */ = {
			isa = XCConfigurationList;
			buildConfigurations = (
				E6E4016128ACF67D003368F8 /* Debug */,
				E6E4016228ACF67D003368F8 /* Release */,
			);
			defaultConfigurationIsVisible = 0;
			defaultConfigurationName = Release;
		};
		E6E4016328ACF67D003368F8 /* Build configuration list for PBXNativeTarget "Its_alamofire" */ = {
			isa = XCConfigurationList;
			buildConfigurations = (
				E6E4016428ACF67D003368F8 /* Debug */,
				E6E4016528ACF67D003368F8 /* Release */,
			);
			defaultConfigurationIsVisible = 0;
			defaultConfigurationName = Release;
		};
/* End XCConfigurationList section */

/* Begin XCVersionGroup section */
		E6E4015828ACF67D003368F8 /* Its_alamofire.xcdatamodeld */ = {
			isa = XCVersionGroup;
			children = (
				E6E4015928ACF67D003368F8 /* Its_alamofire.xcdatamodel */,
			);
			currentVersion = E6E4015928ACF67D003368F8 /* Its_alamofire.xcdatamodel */;
			path = Its_alamofire.xcdatamodeld;
			sourceTree = "<group>";
			versionGroupType = wrapper.xcdatamodel;
		};
/* End XCVersionGroup section */
	};
	rootObject = E6E4014428ACF67C003368F8 /* Project object */;
}
